
Microsoft Visual Studio Solution File, Format Version 12.00
# Visual Studio 15
VisualStudioVersion = 15.0.28010.2036
MinimumVisualStudioVersion = 10.0.40219.1
Project("{FAE04EC0-301F-11D3-BF4B-00C04F79EFBC}") = "IToVidio", "IToVidio\IToVidio.csproj", "{6825E1E1-28FA-4E3C-8F99-9AE28D7C89F3}"
EndProject
Global
	GlobalSection(SolutionConfigurationPlatforms) = preSolution
		Debug|Any CPU = Debug|Any CPU
		Release|Any CPU = Release|Any CPU
	EndGlobalSection
	GlobalSection(ProjectConfigurationPlatforms) = postSolution
		{6825E1E1-28FA-4E3C-8F99-9AE28D7C89F3}.Debug|Any CPU.ActiveCfg = Debug|Any CPU
		{6825E1E1-28FA-4E3C-8F99-9AE28D7C89F3}.Debug|Any CPU.Build.0 = Debug|Any CPU
		{6825E1E1-28FA-4E3C-8F99-9AE28D7C89F3}.Release|Any CPU.ActiveCfg = Release|Any CPU
		{6825E1E1-28FA-4E3C-8F99-9AE28D7C89F3}.Release|Any CPU.Build.0 = Release|Any CPU
	EndGlobalSection
	GlobalSection(SolutionProperties) = preSolution
		HideSolutionNode = FALSE
	EndGlobalSection
	GlobalSection(ExtensibilityGlobals) = postSolution
		SolutionGuid = {3B886B8C-7693-469C-9AE9-01E8FBE5BB3F}
	EndGlobalSection
EndGlobal
